
Microsoft Visual Studio Solution File, Format Version 12.00
# Visual Studio Version 16
VisualStudioVersion = 16.0.30907.101
MinimumVisualStudioVersion = 10.0.40219.1
Project("{FAE04EC0-301F-11D3-BF4B-00C04F79EFBC}") = "model_dto_validation", "model_dto_validation\model_dto_validation.csproj", "{FB0DABAC-CCDB-40E1-9071-37C269149BD6}"
EndProject
Global
	GlobalSection(SolutionConfigurationPlatforms) = preSolution
		Debug|Any CPU = Debug|Any CPU
		Release|Any CPU = Release|Any CPU
	EndGlobalSection
	GlobalSection(ProjectConfigurationPlatforms) = postSolution
		{FB0DABAC-CCDB-40E1-9071-37C269149BD6}.Debug|Any CPU.ActiveCfg = Debug|Any CPU
		{FB0DABAC-CCDB-40E1-9071-37C269149BD6}.Debug|Any CPU.Build.0 = Debug|Any CPU
		{FB0DABAC-CCDB-40E1-9071-37C269149BD6}.Release|Any CPU.ActiveCfg = Release|Any CPU
		{FB0DABAC-CCDB-40E1-9071-37C269149BD6}.Release|Any CPU.Build.0 = Release|Any CPU
	EndGlobalSection
	GlobalSection(SolutionProperties) = preSolution
		HideSolutionNode = FALSE
	EndGlobalSection
	GlobalSection(ExtensibilityGlobals) = postSolution
		SolutionGuid = {867CEC5E-1F82-49D4-B4A6-0D319A2F310C}
	EndGlobalSection
EndGlobal
